<Solution>
  <Project Path="App.Android/App.Android.csproj" />
  <Project Path="App.Browser/App.Browser.csproj" />
  <Project Path="App.Desktop/App.Desktop.csproj" />
  <Project Path="App/App.csproj" />
  
  <Project Path="Cli/Cli.csproj" />
  
  <Project Path="XMPP.Core/XMPP.Core.csproj" />
  <Project Path="XMPP.XEP.0030/XMPP.XEP.0030.csproj" />
  
  <Project Path="XMPP.Tests/XMPP.Tests.csproj" />
  <Project Path="XMPP.Core.Tests/XMPP.Core.Tests.csproj" />
</Solution>
